// !$*UTF8*$!
{
	archiveVersion = 1;
	classes = {
	};
	objectVersion = 56;
	objects = {

/* Begin PBXBuildFile section */
		9691802A2DCB1AE600FCF60E /* RealityKitContent in Frameworks */ = {isa = PBXBuildFile; productRef = 969180292DCB1AE600FCF60E /* RealityKitContent */; };
		9691802C2DCB1AE600FCF60E /* InteractivePortfolio_VisionOS_5_25_RSApp.swift in Sources */ = {isa = PBXBuildFile; fileRef = 9691802B2DCB1AE600FCF60E /* InteractivePortfolio_VisionOS_5_25_RSApp.swift */; };
		969180322DCB1AE800FCF60E /* Assets.xcassets in Resources */ = {isa = PBXBuildFile; fileRef = 969180312DCB1AE800FCF60E /* Assets.xcassets */; };
		969180352DCB1AE800FCF60E /* Preview Assets.xcassets in Resources */ = {isa = PBXBuildFile; fileRef = 969180342DCB1AE800FCF60E /* Preview Assets.xcassets */; };
		969180402DCB1AE800FCF60E /* InteractivePortfolio_VisionOS_5_25_RSTests.swift in Sources */ = {isa = PBXBuildFile; fileRef = 9691803F2DCB1AE800FCF60E /* InteractivePortfolio_VisionOS_5_25_RSTests.swift */; };
		969180582DCB272200FCF60E /* Overview.swift in Sources */ = {isa = PBXBuildFile; fileRef = 969180572DCB272200FCF60E /* Overview.swift */; };
		9691805A2DCB2BC500FCF60E /* NavTabs.swift in Sources */ = {isa = PBXBuildFile; fileRef = 969180592DCB2BC500FCF60E /* NavTabs.swift */; };
		9691805C2DCB32AA00FCF60E /* XRProjs.swift in Sources */ = {isa = PBXBuildFile; fileRef = 9691805B2DCB32AA00FCF60E /* XRProjs.swift */; };
		9691805E2DCB371700FCF60E /* InTheFridge.swift in Sources */ = {isa = PBXBuildFile; fileRef = 9691805D2DCB371700FCF60E /* InTheFridge.swift */; };
		969180622DCB3CD600FCF60E /* ImgCarousel.swift in Sources */ = {isa = PBXBuildFile; fileRef = 969180612DCB3CD600FCF60E /* ImgCarousel.swift */; };
		969180642DCB40FC00FCF60E /* Research.swift in Sources */ = {isa = PBXBuildFile; fileRef = 969180632DCB40FC00FCF60E /* Research.swift */; };
		969180692DCB4DF000FCF60E /* VitAlz.swift in Sources */ = {isa = PBXBuildFile; fileRef = 969180682DCB4DF000FCF60E /* VitAlz.swift */; };
		9691806B2DCB4F5700FCF60E /* ImgCarousel-V.swift in Sources */ = {isa = PBXBuildFile; fileRef = 9691806A2DCB4F5700FCF60E /* ImgCarousel-V.swift */; };
		9691806D2DCB4FC900FCF60E /* Thesis.swift in Sources */ = {isa = PBXBuildFile; fileRef = 9691806C2DCB4FC900FCF60E /* Thesis.swift */; };
		9691806F2DCB505A00FCF60E /* ImgCarousel-T.swift in Sources */ = {isa = PBXBuildFile; fileRef = 9691806E2DCB505A00FCF60E /* ImgCarousel-T.swift */; };
		969180712DCB570600FCF60E /* Starters.swift in Sources */ = {isa = PBXBuildFile; fileRef = 969180702DCB570600FCF60E /* Starters.swift */; };
		969180732DCB5E2200FCF60E /* More.swift in Sources */ = {isa = PBXBuildFile; fileRef = 969180722DCB5E2200FCF60E /* More.swift */; };
/* End PBXBuildFile section */

/* Begin PBXContainerItemProxy section */
		9691803C2DCB1AE800FCF60E /* PBXContainerItemProxy */ = {
			isa = PBXContainerItemProxy;
			containerPortal = 9691801C2DCB1AE600FCF60E /* Project object */;
			proxyType = 1;
			remoteGlobalIDString = 969180232DCB1AE600FCF60E;
			remoteInfo = "InteractivePortfolio_VisionOS-5.25.RS";
		};
/* End PBXContainerItemProxy section */

/* Begin PBXFileReference section */
		969180242DCB1AE600FCF60E /* InteractivePortfolio_VisionOS-5.25.RS.app */ = {isa = PBXFileReference; explicitFileType = wrapper.application; includeInIndex = 0; path = "InteractivePortfolio_VisionOS-5.25.RS.app"; sourceTree = BUILT_PRODUCTS_DIR; };
		969180282DCB1AE600FCF60E /* RealityKitContent */ = {isa = PBXFileReference; lastKnownFileType = wrapper; path = RealityKitContent; sourceTree = "<group>"; };
		9691802B2DCB1AE600FCF60E /* InteractivePortfolio_VisionOS_5_25_RSApp.swift */ = {isa = PBXFileReference; lastKnownFileType = sourcecode.swift; path = InteractivePortfolio_VisionOS_5_25_RSApp.swift; sourceTree = "<group>"; };
		969180312DCB1AE800FCF60E /* Assets.xcassets */ = {isa = PBXFileReference; lastKnownFileType = folder.assetcatalog; path = Assets.xcassets; sourceTree = "<group>"; };
		969180342DCB1AE800FCF60E /* Preview Assets.xcassets */ = {isa = PBXFileReference; lastKnownFileType = folder.assetcatalog; path = "Preview Assets.xcassets"; sourceTree = "<group>"; };
		969180362DCB1AE800FCF60E /* Info.plist */ = {isa = PBXFileReference; lastKnownFileType = text.plist.xml; path = Info.plist; sourceTree = "<group>"; };
		9691803B2DCB1AE800FCF60E /* InteractivePortfolio_VisionOS-5.25.RSTests.xctest */ = {isa = PBXFileReference; explicitFileType = wrapper.cfbundle; includeInIndex = 0; path = "InteractivePortfolio_VisionOS-5.25.RSTests.xctest"; sourceTree = BUILT_PRODUCTS_DIR; };
		9691803F2DCB1AE800FCF60E /* InteractivePortfolio_VisionOS_5_25_RSTests.swift */ = {isa = PBXFileReference; lastKnownFileType = sourcecode.swift; path = InteractivePortfolio_VisionOS_5_25_RSTests.swift; sourceTree = "<group>"; };
		969180572DCB272200FCF60E /* Overview.swift */ = {isa = PBXFileReference; lastKnownFileType = sourcecode.swift; path = Overview.swift; sourceTree = "<group>"; };
		969180592DCB2BC500FCF60E /* NavTabs.swift */ = {isa = PBXFileReference; lastKnownFileType = sourcecode.swift; path = NavTabs.swift; sourceTree = "<group>"; };
		9691805B2DCB32AA00FCF60E /* XRProjs.swift */ = {isa = PBXFileReference; lastKnownFileType = sourcecode.swift; path = XRProjs.swift; sourceTree = "<group>"; };
		9691805D2DCB371700FCF60E /* InTheFridge.swift */ = {isa = PBXFileReference; lastKnownFileType = sourcecode.swift; path = InTheFridge.swift; sourceTree = "<group>"; };
		969180612DCB3CD600FCF60E /* ImgCarousel.swift */ = {isa = PBXFileReference; lastKnownFileType = sourcecode.swift; path = ImgCarousel.swift; sourceTree = "<group>"; };
		969180632DCB40FC00FCF60E /* Research.swift */ = {isa = PBXFileReference; lastKnownFileType = sourcecode.swift; path = Research.swift; sourceTree = "<group>"; };
		969180682DCB4DF000FCF60E /* VitAlz.swift */ = {isa = PBXFileReference; lastKnownFileType = sourcecode.swift; path = VitAlz.swift; sourceTree = "<group>"; };
		9691806A2DCB4F5700FCF60E /* ImgCarousel-V.swift */ = {isa = PBXFileReference; lastKnownFileType = sourcecode.swift; path = "ImgCarousel-V.swift"; sourceTree = "<group>"; };
		9691806C2DCB4FC900FCF60E /* Thesis.swift */ = {isa = PBXFileReference; lastKnownFileType = sourcecode.swift; path = Thesis.swift; sourceTree = "<group>"; };
		9691806E2DCB505A00FCF60E /* ImgCarousel-T.swift */ = {isa = PBXFileReference; lastKnownFileType = sourcecode.swift; path = "ImgCarousel-T.swift"; sourceTree = "<group>"; };
		969180702DCB570600FCF60E /* Starters.swift */ = {isa = PBXFileReference; lastKnownFileType = sourcecode.swift; path = Starters.swift; sourceTree = "<group>"; };
		969180722DCB5E2200FCF60E /* More.swift */ = {isa = PBXFileReference; lastKnownFileType = sourcecode.swift; path = More.swift; sourceTree = "<group>"; };
/* End PBXFileReference section */

/* Begin PBXFrameworksBuildPhase section */
		969180212DCB1AE600FCF60E /* Frameworks */ = {
			isa = PBXFrameworksBuildPhase;
			buildActionMask = 2147483647;
			files = (
				9691802A2DCB1AE600FCF60E /* RealityKitContent in Frameworks */,
			);
			runOnlyForDeploymentPostprocessing = 0;
		};
		969180382DCB1AE800FCF60E /* Frameworks */ = {
			isa = PBXFrameworksBuildPhase;
			buildActionMask = 2147483647;
			files = (
			);
			runOnlyForDeploymentPostprocessing = 0;
		};
/* End PBXFrameworksBuildPhase section */

/* Begin PBXGroup section */
		9691801B2DCB1AE600FCF60E = {
			isa = PBXGroup;
			children = (
				969180262DCB1AE600FCF60E /* InteractivePortfolio_VisionOS-5.25.RS */,
				969180272DCB1AE600FCF60E /* Packages */,
				9691803E2DCB1AE800FCF60E /* InteractivePortfolio_VisionOS-5.25.RSTests */,
				969180252DCB1AE600FCF60E /* Products */,
			);
			sourceTree = "<group>";
		};
		969180252DCB1AE600FCF60E /* Products */ = {
			isa = PBXGroup;
			children = (
				969180242DCB1AE600FCF60E /* InteractivePortfolio_VisionOS-5.25.RS.app */,
				9691803B2DCB1AE800FCF60E /* InteractivePortfolio_VisionOS-5.25.RSTests.xctest */,
			);
			name = Products;
			sourceTree = "<group>";
		};
		969180262DCB1AE600FCF60E /* InteractivePortfolio_VisionOS-5.25.RS */ = {
			isa = PBXGroup;
			children = (
				9691802B2DCB1AE600FCF60E /* InteractivePortfolio_VisionOS_5_25_RSApp.swift */,
				969180592DCB2BC500FCF60E /* NavTabs.swift */,
				969180652DCB411C00FCF60E /* MainNav */,
				969180312DCB1AE800FCF60E /* Assets.xcassets */,
				969180362DCB1AE800FCF60E /* Info.plist */,
				969180332DCB1AE800FCF60E /* Preview Content */,
			);
			path = "InteractivePortfolio_VisionOS-5.25.RS";
			sourceTree = "<group>";
		};
		969180272DCB1AE600FCF60E /* Packages */ = {
			isa = PBXGroup;
			children = (
				969180282DCB1AE600FCF60E /* RealityKitContent */,
			);
			path = Packages;
			sourceTree = "<group>";
		};
		969180332DCB1AE800FCF60E /* Preview Content */ = {
			isa = PBXGroup;
			children = (
				969180342DCB1AE800FCF60E /* Preview Assets.xcassets */,
			);
			path = "Preview Content";
			sourceTree = "<group>";
		};
		9691803E2DCB1AE800FCF60E /* InteractivePortfolio_VisionOS-5.25.RSTests */ = {
			isa = PBXGroup;
			children = (
				9691803F2DCB1AE800FCF60E /* InteractivePortfolio_VisionOS_5_25_RSTests.swift */,
			);
			path = "InteractivePortfolio_VisionOS-5.25.RSTests";
			sourceTree = "<group>";
		};
		969180652DCB411C00FCF60E /* MainNav */ = {
			isa = PBXGroup;
			children = (
				969180572DCB272200FCF60E /* Overview.swift */,
				969180672DCB434800FCF60E /* Portfolio */,
				969180632DCB40FC00FCF60E /* Research.swift */,
				969180722DCB5E2200FCF60E /* More.swift */,
			);
			path = MainNav;
			sourceTree = "<group>";
		};
		969180672DCB434800FCF60E /* Portfolio */ = {
			isa = PBXGroup;
			children = (
				9691805B2DCB32AA00FCF60E /* XRProjs.swift */,
				969180702DCB570600FCF60E /* Starters.swift */,
				9691805D2DCB371700FCF60E /* InTheFridge.swift */,
				969180682DCB4DF000FCF60E /* VitAlz.swift */,
				9691806C2DCB4FC900FCF60E /* Thesis.swift */,
				969180612DCB3CD600FCF60E /* ImgCarousel.swift */,
				9691806A2DCB4F5700FCF60E /* ImgCarousel-V.swift */,
				9691806E2DCB505A00FCF60E /* ImgCarousel-T.swift */,
			);
			path = Portfolio;
			sourceTree = "<group>";
		};
/* End PBXGroup section */

/* Begin PBXNativeTarget section */
		969180232DCB1AE600FCF60E /* InteractivePortfolio_VisionOS-5.25.RS */ = {
			isa = PBXNativeTarget;
			buildConfigurationList = 969180432DCB1AE800FCF60E /* Build configuration list for PBXNativeTarget "InteractivePortfolio_VisionOS-5.25.RS" */;
			buildPhases = (
				969180202DCB1AE600FCF60E /* Sources */,
				969180212DCB1AE600FCF60E /* Frameworks */,
				969180222DCB1AE600FCF60E /* Resources */,
			);
			buildRules = (
			);
			dependencies = (
			);
			name = "InteractivePortfolio_VisionOS-5.25.RS";
			packageProductDependencies = (
				969180292DCB1AE600FCF60E /* RealityKitContent */,
			);
			productName = "InteractivePortfolio_VisionOS-5.25.RS";
			productReference = 969180242DCB1AE600FCF60E /* InteractivePortfolio_VisionOS-5.25.RS.app */;
			productType = "com.apple.product-type.application";
		};
		9691803A2DCB1AE800FCF60E /* InteractivePortfolio_VisionOS-5.25.RSTests */ = {
			isa = PBXNativeTarget;
			buildConfigurationList = 969180462DCB1AE800FCF60E /* Build configuration list for PBXNativeTarget "InteractivePortfolio_VisionOS-5.25.RSTests" */;
			buildPhases = (
				969180372DCB1AE800FCF60E /* Sources */,
				969180382DCB1AE800FCF60E /* Frameworks */,
				969180392DCB1AE800FCF60E /* Resources */,
			);
			buildRules = (
			);
			dependencies = (
				9691803D2DCB1AE800FCF60E /* PBXTargetDependency */,
			);
			name = "InteractivePortfolio_VisionOS-5.25.RSTests";
			productName = "InteractivePortfolio_VisionOS-5.25.RSTests";
			productReference = 9691803B2DCB1AE800FCF60E /* InteractivePortfolio_VisionOS-5.25.RSTests.xctest */;
			productType = "com.apple.product-type.bundle.unit-test";
		};
/* End PBXNativeTarget section */

/* Begin PBXProject section */
		9691801C2DCB1AE600FCF60E /* Project object */ = {
			isa = PBXProject;
			attributes = {
				BuildIndependentTargetsInParallel = 1;
				LastSwiftUpdateCheck = 1520;
				LastUpgradeCheck = 1520;
				TargetAttributes = {
					969180232DCB1AE600FCF60E = {
						CreatedOnToolsVersion = 15.2;
					};
					9691803A2DCB1AE800FCF60E = {
						CreatedOnToolsVersion = 15.2;
						TestTargetID = 969180232DCB1AE600FCF60E;
					};
				};
			};
			buildConfigurationList = 9691801F2DCB1AE600FCF60E /* Build configuration list for PBXProject "InteractivePortfolio_VisionOS-5.25.RS" */;
			compatibilityVersion = "Xcode 14.0";
			developmentRegion = en;
			hasScannedForEncodings = 0;
			knownRegions = (
				en,
				Base,
			);
			mainGroup = 9691801B2DCB1AE600FCF60E;
			productRefGroup = 969180252DCB1AE600FCF60E /* Products */;
			projectDirPath = "";
			projectRoot = "";
			targets = (
				969180232DCB1AE600FCF60E /* InteractivePortfolio_VisionOS-5.25.RS */,
				9691803A2DCB1AE800FCF60E /* InteractivePortfolio_VisionOS-5.25.RSTests */,
			);
		};
/* End PBXProject section */

/* Begin PBXResourcesBuildPhase section */
		969180222DCB1AE600FCF60E /* Resources */ = {
			isa = PBXResourcesBuildPhase;
			buildActionMask = 2147483647;
			files = (
				969180352DCB1AE800FCF60E /* Preview Assets.xcassets in Resources */,
				969180322DCB1AE800FCF60E /* Assets.xcassets in Resources */,
			);
			runOnlyForDeploymentPostprocessing = 0;
		};
		969180392DCB1AE800FCF60E /* Resources */ = {
			isa = PBXResourcesBuildPhase;
			buildActionMask = 2147483647;
			files = (
			);
			runOnlyForDeploymentPostprocessing = 0;
		};
/* End PBXResourcesBuildPhase section */

/* Begin PBXSourcesBuildPhase section */
		969180202DCB1AE600FCF60E /* Sources */ = {
			isa = PBXSourcesBuildPhase;
			buildActionMask = 2147483647;
			files = (
				969180582DCB272200FCF60E /* Overview.swift in Sources */,
				9691805A2DCB2BC500FCF60E /* NavTabs.swift in Sources */,
				9691805C2DCB32AA00FCF60E /* XRProjs.swift in Sources */,
				9691806D2DCB4FC900FCF60E /* Thesis.swift in Sources */,
				969180692DCB4DF000FCF60E /* VitAlz.swift in Sources */,
				9691802C2DCB1AE600FCF60E /* InteractivePortfolio_VisionOS_5_25_RSApp.swift in Sources */,
				9691806F2DCB505A00FCF60E /* ImgCarousel-T.swift in Sources */,
				969180642DCB40FC00FCF60E /* Research.swift in Sources */,
				9691806B2DCB4F5700FCF60E /* ImgCarousel-V.swift in Sources */,
				969180712DCB570600FCF60E /* Starters.swift in Sources */,
				9691805E2DCB371700FCF60E /* InTheFridge.swift in Sources */,
				969180622DCB3CD600FCF60E /* ImgCarousel.swift in Sources */,
				969180732DCB5E2200FCF60E /* More.swift in Sources */,
			);
			runOnlyForDeploymentPostprocessing = 0;
		};
		969180372DCB1AE800FCF60E /* Sources */ = {
			isa = PBXSourcesBuildPhase;
			buildActionMask = 2147483647;
			files = (
				969180402DCB1AE800FCF60E /* InteractivePortfolio_VisionOS_5_25_RSTests.swift in Sources */,
			);
			runOnlyForDeploymentPostprocessing = 0;
		};
/* End PBXSourcesBuildPhase section */

/* Begin PBXTargetDependency section */
		9691803D2DCB1AE800FCF60E /* PBXTargetDependency */ = {
			isa = PBXTargetDependency;
			target = 969180232DCB1AE600FCF60E /* InteractivePortfolio_VisionOS-5.25.RS */;
			targetProxy = 9691803C2DCB1AE800FCF60E /* PBXContainerItemProxy */;
		};
/* End PBXTargetDependency section */

/* Begin XCBuildConfiguration section */
		969180412DCB1AE800FCF60E /* Debug */ = {
			isa = XCBuildConfiguration;
			buildSettings = {
				ALWAYS_SEARCH_USER_PATHS = NO;
				ASSETCATALOG_COMPILER_GENERATE_SWIFT_ASSET_SYMBOL_EXTENSIONS = YES;
				CLANG_ANALYZER_NONNULL = YES;
				CLANG_ANALYZER_NUMBER_OBJECT_CONVERSION = YES_AGGRESSIVE;
				CLANG_CXX_LANGUAGE_STANDARD = "gnu++20";
				CLANG_ENABLE_MODULES = YES;
				CLANG_ENABLE_OBJC_ARC = YES;
				CLANG_ENABLE_OBJC_WEAK = YES;
				CLANG_WARN_BLOCK_CAPTURE_AUTORELEASING = YES;
				CLANG_WARN_BOOL_CONVERSION = YES;
				CLANG_WARN_COMMA = YES;
				CLANG_WARN_CONSTANT_CONVERSION = YES;
				CLANG_WARN_DEPRECATED_OBJC_IMPLEMENTATIONS = YES;
				CLANG_WARN_DIRECT_OBJC_ISA_USAGE = YES_ERROR;
				CLANG_WARN_DOCUMENTATION_COMMENTS = YES;
				CLANG_WARN_EMPTY_BODY = YES;
				CLANG_WARN_ENUM_CONVERSION = YES;
				CLANG_WARN_INFINITE_RECURSION = YES;
				CLANG_WARN_INT_CONVERSION = YES;
				CLANG_WARN_NON_LITERAL_NULL_CONVERSION = YES;
				CLANG_WARN_OBJC_IMPLICIT_RETAIN_SELF = YES;
				CLANG_WARN_OBJC_LITERAL_CONVERSION = YES;
				CLANG_WARN_OBJC_ROOT_CLASS = YES_ERROR;
				CLANG_WARN_QUOTED_INCLUDE_IN_FRAMEWORK_HEADER = YES;
				CLANG_WARN_RANGE_LOOP_ANALYSIS = YES;
				CLANG_WARN_STRICT_PROTOTYPES = YES;
				CLANG_WARN_SUSPICIOUS_MOVE = YES;
				CLANG_WARN_UNGUARDED_AVAILABILITY = YES_AGGRESSIVE;
				CLANG_WARN_UNREACHABLE_CODE = YES;
				CLANG_WARN__DUPLICATE_METHOD_MATCH = YES;
				COPY_PHASE_STRIP = NO;
				DEBUG_INFORMATION_FORMAT = dwarf;
				ENABLE_STRICT_OBJC_MSGSEND = YES;
				ENABLE_TESTABILITY = YES;
				ENABLE_USER_SCRIPT_SANDBOXING = YES;
				GCC_C_LANGUAGE_STANDARD = gnu17;
				GCC_DYNAMIC_NO_PIC = NO;
				GCC_NO_COMMON_BLOCKS = YES;
				GCC_OPTIMIZATION_LEVEL = 0;
				GCC_PREPROCESSOR_DEFINITIONS = (
					"DEBUG=1",
					"$(inherited)",
				);
				GCC_WARN_64_TO_32_BIT_CONVERSION = YES;
				GCC_WARN_ABOUT_RETURN_TYPE = YES_ERROR;
				GCC_WARN_UNDECLARED_SELECTOR = YES;
				GCC_WARN_UNINITIALIZED_AUTOS = YES_AGGRESSIVE;
				GCC_WARN_UNUSED_FUNCTION = YES;
				GCC_WARN_UNUSED_VARIABLE = YES;
				LOCALIZATION_PREFERS_STRING_CATALOGS = YES;
				MTL_ENABLE_DEBUG_INFO = INCLUDE_SOURCE;
				MTL_FAST_MATH = YES;
				ONLY_ACTIVE_ARCH = YES;
				SDKROOT = xros;
				SWIFT_ACTIVE_COMPILATION_CONDITIONS = "DEBUG $(inherited)";
				SWIFT_OPTIMIZATION_LEVEL = "-Onone";
				XROS_DEPLOYMENT_TARGET = 1.0;
			};
			name = Debug;
		};
		969180422DCB1AE800FCF60E /* Release */ = {
			isa = XCBuildConfiguration;
			buildSettings = {
				ALWAYS_SEARCH_USER_PATHS = NO;
				ASSETCATALOG_COMPILER_GENERATE_SWIFT_ASSET_SYMBOL_EXTENSIONS = YES;
				CLANG_ANALYZER_NONNULL = YES;
				CLANG_ANALYZER_NUMBER_OBJECT_CONVERSION = YES_AGGRESSIVE;
				CLANG_CXX_LANGUAGE_STANDARD = "gnu++20";
				CLANG_ENABLE_MODULES = YES;
				CLANG_ENABLE_OBJC_ARC = YES;
				CLANG_ENABLE_OBJC_WEAK = YES;
				CLANG_WARN_BLOCK_CAPTURE_AUTORELEASING = YES;
				CLANG_WARN_BOOL_CONVERSION = YES;
				CLANG_WARN_COMMA = YES;
				CLANG_WARN_CONSTANT_CONVERSION = YES;
				CLANG_WARN_DEPRECATED_OBJC_IMPLEMENTATIONS = YES;
				CLANG_WARN_DIRECT_OBJC_ISA_USAGE = YES_ERROR;
				CLANG_WARN_DOCUMENTATION_COMMENTS = YES;
				CLANG_WARN_EMPTY_BODY = YES;
				CLANG_WARN_ENUM_CONVERSION = YES;
				CLANG_WARN_INFINITE_RECURSION = YES;
				CLANG_WARN_INT_CONVERSION = YES;
				CLANG_WARN_NON_LITERAL_NULL_CONVERSION = YES;
				CLANG_WARN_OBJC_IMPLICIT_RETAIN_SELF = YES;
				CLANG_WARN_OBJC_LITERAL_CONVERSION = YES;
				CLANG_WARN_OBJC_ROOT_CLASS = YES_ERROR;
				CLANG_WARN_QUOTED_INCLUDE_IN_FRAMEWORK_HEADER = YES;
				CLANG_WARN_RANGE_LOOP_ANALYSIS = YES;
				CLANG_WARN_STRICT_PROTOTYPES = YES;
				CLANG_WARN_SUSPICIOUS_MOVE = YES;
				CLANG_WARN_UNGUARDED_AVAILABILITY = YES_AGGRESSIVE;
				CLANG_WARN_UNREACHABLE_CODE = YES;
				CLANG_WARN__DUPLICATE_METHOD_MATCH = YES;
				COPY_PHASE_STRIP = NO;
				DEBUG_INFORMATION_FORMAT = "dwarf-with-dsym";
				ENABLE_NS_ASSERTIONS = NO;
				ENABLE_STRICT_OBJC_MSGSEND = YES;
				ENABLE_USER_SCRIPT_SANDBOXING = YES;
				GCC_C_LANGUAGE_STANDARD = gnu17;
				GCC_NO_COMMON_BLOCKS = YES;
				GCC_WARN_64_TO_32_BIT_CONVERSION = YES;
				GCC_WARN_ABOUT_RETURN_TYPE = YES_ERROR;
				GCC_WARN_UNDECLARED_SELECTOR = YES;
				GCC_WARN_UNINITIALIZED_AUTOS = YES_AGGRESSIVE;
				GCC_WARN_UNUSED_FUNCTION = YES;
				GCC_WARN_UNUSED_VARIABLE = YES;
				LOCALIZATION_PREFERS_STRING_CATALOGS = YES;
				MTL_ENABLE_DEBUG_INFO = NO;
				MTL_FAST_MATH = YES;
				SDKROOT = xros;
				SWIFT_COMPILATION_MODE = wholemodule;
				VALIDATE_PRODUCT = YES;
				XROS_DEPLOYMENT_TARGET = 1.0;
			};
			name = Release;
		};
		969180442DCB1AE800FCF60E /* Debug */ = {
			isa = XCBuildConfiguration;
			buildSettings = {
				ASSETCATALOG_COMPILER_APPICON_NAME = AppIcon;
				ASSETCATALOG_COMPILER_GLOBAL_ACCENT_COLOR_NAME = AccentColor;
				CODE_SIGN_STYLE = Automatic;
				CURRENT_PROJECT_VERSION = 1;
				DEVELOPMENT_ASSET_PATHS = "\"InteractivePortfolio_VisionOS-5.25.RS/Preview Content\"";
				DEVELOPMENT_TEAM = X75WX7W8P7;
				ENABLE_PREVIEWS = YES;
				GENERATE_INFOPLIST_FILE = YES;
				INFOPLIST_FILE = "$(TARGET_NAME)/Info.plist";
				LD_RUNPATH_SEARCH_PATHS = (
					"$(inherited)",
					"@executable_path/Frameworks",
				);
				MARKETING_VERSION = 1.0;
				PRODUCT_BUNDLE_IDENTIFIER = "Imaginarium.InteractivePortfolio-VisionOS-5-25-RS";
				PRODUCT_NAME = "$(TARGET_NAME)";
				SUPPORTED_PLATFORMS = "xros xrsimulator";
				SWIFT_EMIT_LOC_STRINGS = YES;
				SWIFT_VERSION = 5.0;
				TARGETED_DEVICE_FAMILY = "1,2,7";
			};
			name = Debug;
		};
		969180452DCB1AE800FCF60E /* Release */ = {
			isa = XCBuildConfiguration;
			buildSettings = {
				ASSETCATALOG_COMPILER_APPICON_NAME = AppIcon;
				ASSETCATALOG_COMPILER_GLOBAL_ACCENT_COLOR_NAME = AccentColor;
				CODE_SIGN_STYLE = Automatic;
				CURRENT_PROJECT_VERSION = 1;
				DEVELOPMENT_ASSET_PATHS = "\"InteractivePortfolio_VisionOS-5.25.RS/Preview Content\"";
				DEVELOPMENT_TEAM = X75WX7W8P7;
				ENABLE_PREVIEWS = YES;
				GENERATE_INFOPLIST_FILE = YES;
				INFOPLIST_FILE = "$(TARGET_NAME)/Info.plist";
				LD_RUNPATH_SEARCH_PATHS = (
					"$(inherited)",
					"@executable_path/Frameworks",
				);
				MARKETING_VERSION = 1.0;
				PRODUCT_BUNDLE_IDENTIFIER = "Imaginarium.InteractivePortfolio-VisionOS-5-25-RS";
				PRODUCT_NAME = "$(TARGET_NAME)";
				SUPPORTED_PLATFORMS = "xros xrsimulator";
				SWIFT_EMIT_LOC_STRINGS = YES;
				SWIFT_VERSION = 5.0;
				TARGETED_DEVICE_FAMILY = "1,2,7";
			};
			name = Release;
		};
		969180472DCB1AE800FCF60E /* Debug */ = {
			isa = XCBuildConfiguration;
			buildSettings = {
				ALWAYS_EMBED_SWIFT_STANDARD_LIBRARIES = YES;
				BUNDLE_LOADER = "$(TEST_HOST)";
				CODE_SIGN_STYLE = Automatic;
				CURRENT_PROJECT_VERSION = 1;
				DEVELOPMENT_TEAM = X75WX7W8P7;
				GENERATE_INFOPLIST_FILE = YES;
				MARKETING_VERSION = 1.0;
				PRODUCT_BUNDLE_IDENTIFIER = "Imaginarium.InteractivePortfolio-VisionOS-5-25-RSTests";
				PRODUCT_NAME = "$(TARGET_NAME)";
				SUPPORTED_PLATFORMS = "xros xrsimulator";
				SWIFT_EMIT_LOC_STRINGS = NO;
				SWIFT_VERSION = 5.0;
				TARGETED_DEVICE_FAMILY = "1,2,7";
				TEST_HOST = "$(BUILT_PRODUCTS_DIR)/InteractivePortfolio_VisionOS-5.25.RS.app/$(BUNDLE_EXECUTABLE_FOLDER_PATH)/InteractivePortfolio_VisionOS-5.25.RS";
				XROS_DEPLOYMENT_TARGET = 1.0;
			};
			name = Debug;
		};
		969180482DCB1AE800FCF60E /* Release */ = {
			isa = XCBuildConfiguration;
			buildSettings = {
				ALWAYS_EMBED_SWIFT_STANDARD_LIBRARIES = YES;
				BUNDLE_LOADER = "$(TEST_HOST)";
				CODE_SIGN_STYLE = Automatic;
				CURRENT_PROJECT_VERSION = 1;
				DEVELOPMENT_TEAM = X75WX7W8P7;
				GENERATE_INFOPLIST_FILE = YES;
				MARKETING_VERSION = 1.0;
				PRODUCT_BUNDLE_IDENTIFIER = "Imaginarium.InteractivePortfolio-VisionOS-5-25-RSTests";
				PRODUCT_NAME = "$(TARGET_NAME)";
				SUPPORTED_PLATFORMS = "xros xrsimulator";
				SWIFT_EMIT_LOC_STRINGS = NO;
				SWIFT_VERSION = 5.0;
				TARGETED_DEVICE_FAMILY = "1,2,7";
				TEST_HOST = "$(BUILT_PRODUCTS_DIR)/InteractivePortfolio_VisionOS-5.25.RS.app/$(BUNDLE_EXECUTABLE_FOLDER_PATH)/InteractivePortfolio_VisionOS-5.25.RS";
				XROS_DEPLOYMENT_TARGET = 1.0;
			};
			name = Release;
		};
/* End XCBuildConfiguration section */

/* Begin XCConfigurationList section */
		9691801F2DCB1AE600FCF60E /* Build configuration list for PBXProject "InteractivePortfolio_VisionOS-5.25.RS" */ = {
			isa = XCConfigurationList;
			buildConfigurations = (
				969180412DCB1AE800FCF60E /* Debug */,
				969180422DCB1AE800FCF60E /* Release */,
			);
			defaultConfigurationIsVisible = 0;
			defaultConfigurationName = Release;
		};
		969180432DCB1AE800FCF60E /* Build configuration list for PBXNativeTarget "InteractivePortfolio_VisionOS-5.25.RS" */ = {
			isa = XCConfigurationList;
			buildConfigurations = (
				969180442DCB1AE800FCF60E /* Debug */,
				969180452DCB1AE800FCF60E /* Release */,
			);
			defaultConfigurationIsVisible = 0;
			defaultConfigurationName = Release;
		};
		969180462DCB1AE800FCF60E /* Build configuration list for PBXNativeTarget "InteractivePortfolio_VisionOS-5.25.RSTests" */ = {
			isa = XCConfigurationList;
			buildConfigurations = (
				969180472DCB1AE800FCF60E /* Debug */,
				969180482DCB1AE800FCF60E /* Release */,
			);
			defaultConfigurationIsVisible = 0;
			defaultConfigurationName = Release;
		};
/* End XCConfigurationList section */

/* Begin XCSwiftPackageProductDependency section */
		969180292DCB1AE600FCF60E /* RealityKitContent */ = {
			isa = XCSwiftPackageProductDependency;
			productName = RealityKitContent;
		};
/* End XCSwiftPackageProductDependency section */
	};
	rootObject = 9691801C2DCB1AE600FCF60E /* Project object */;
}
